{
  "name": "DSA-Practice",
  "lockfileVersion": 2,
  "requires": true,
  "packages": {
    "": {
      "dependencies": {
        "present": "^1.0.0"
      }
    },
    "node_modules/present": {
      "version": "1.0.0",
      "resolved": "https://registry.npmjs.org/present/-/present-1.0.0.tgz",
      "integrity": "sha1-bS+GW+epaIURj0Zg6D4hYftxzys="
    }
  },
  "dependencies": {
    "present": {
      "version": "1.0.0",
      "resolved": "https://registry.npmjs.org/present/-/present-1.0.0.tgz",
      "integrity": "sha1-bS+GW+epaIURj0Zg6D4hYftxzys="
    }
  }
}
